<?xml version="1.0" encoding="utf-8"?>
<Project ToolsVersion="4.0" xmlns="http://schemas.microsoft.com/developer/msbuild/2003">
  <ItemGroup>
    <Filter Include="源文件">
      <UniqueIdentifier>{4FC737F1-C7A5-4376-A066-2A32D752A2FF}</UniqueIdentifier>
      <Extensions>cpp;c;cc;cxx;def;odl;idl;hpj;bat;asm;asmx</Extensions>
    </Filter>
    <Filter Include="头文件">
      <UniqueIdentifier>{93995380-89BD-4b04-88EB-625FBE52EBFB}</UniqueIdentifier>
      <Extensions>h;hh;hpp;hxx;hm;inl;inc;xsd</Extensions>
    </Filter>
    <Filter Include="资源文件">
      <UniqueIdentifier>{67DA6AB6-F800-4c08-8B7A-83BB121AAD01}</UniqueIdentifier>
      <Extensions>rc;ico;cur;bmp;dlg;rc2;rct;bin;rgs;gif;jpg;jpeg;jpe;resx;tiff;tif;png;wav;mfcribbon-ms</Extensions>
    </Filter>
  </ItemGroup>
  <ItemGroup>
    <ClInclude Include="all_any_none_of.h">
      <Filter>头文件</Filter>
    </ClInclude>
    <ClInclude Include="for_each.h">
      <Filter>头文件</Filter>
    </ClInclude>
    <ClInclude Include="count.h">
      <Filter>头文件</Filter>
    </ClInclude>
    <ClInclude Include="mismatch.h">
      <Filter>头文件</Filter>
    </ClInclude>
    <ClInclude Include="find.h">
      <Filter>头文件</Filter>
    </ClInclude>
    <ClInclude Include="find_end.h">
      <Filter>头文件</Filter>
    </ClInclude>
    <ClInclude Include="find_first_of.h">
      <Filter>头文件</Filter>
    </ClInclude>
    <ClInclude Include="adjacent_find.h">
      <Filter>头文件</Filter>
    </ClInclude>
    <ClInclude Include="search.h">
      <Filter>头文件</Filter>
    </ClInclude>
    <ClInclude Include="search_n.h">
      <Filter>头文件</Filter>
    </ClInclude>
    <ClInclude Include="copy.h">
      <Filter>头文件</Filter>
    </ClInclude>
    <ClInclude Include="copy_backward.h">
      <Filter>头文件</Filter>
    </ClInclude>
    <ClInclude Include="copy_n.h">
      <Filter>头文件</Filter>
    </ClInclude>
    <ClInclude Include="move.h">
      <Filter>头文件</Filter>
    </ClInclude>
    <ClInclude Include="fill.h">
      <Filter>头文件</Filter>
    </ClInclude>
    <ClInclude Include="fill_n.h">
      <Filter>头文件</Filter>
    </ClInclude>
    <ClInclude Include="generate.h">
      <Filter>头文件</Filter>
    </ClInclude>
    <ClInclude Include="generate_n.h">
      <Filter>头文件</Filter>
    </ClInclude>
    <ClInclude Include="move_backward.h">
      <Filter>头文件</Filter>
    </ClInclude>
    <ClInclude Include="transform.h">
      <Filter>头文件</Filter>
    </ClInclude>
    <ClInclude Include="remove.h">
      <Filter>头文件</Filter>
    </ClInclude>
    <ClInclude Include="iter_swap.h">
      <Filter>头文件</Filter>
    </ClInclude>
    <ClInclude Include="random_shuffle.h">
      <Filter>头文件</Filter>
    </ClInclude>
    <ClInclude Include="remove_copy.h">
      <Filter>头文件</Filter>
    </ClInclude>
    <ClInclude Include="replace.h">
      <Filter>头文件</Filter>
    </ClInclude>
    <ClInclude Include="replace_copy.h">
      <Filter>头文件</Filter>
    </ClInclude>
    <ClInclude Include="reverse.h">
      <Filter>头文件</Filter>
    </ClInclude>
    <ClInclude Include="reverse_copy.h">
      <Filter>头文件</Filter>
    </ClInclude>
    <ClInclude Include="rotate.h">
      <Filter>头文件</Filter>
    </ClInclude>
    <ClInclude Include="rotate_copy.h">
      <Filter>头文件</Filter>
    </ClInclude>
    <ClInclude Include="swap.h">
      <Filter>头文件</Filter>
    </ClInclude>
    <ClInclude Include="swap_ranges.h">
      <Filter>头文件</Filter>
    </ClInclude>
    <ClInclude Include="unique.h">
      <Filter>头文件</Filter>
    </ClInclude>
    <ClInclude Include="unique_copy.h">
      <Filter>头文件</Filter>
    </ClInclude>
    <ClInclude Include="is_partitioned.h">
      <Filter>头文件</Filter>
    </ClInclude>
    <ClInclude Include="partition.h">
      <Filter>头文件</Filter>
    </ClInclude>
    <ClInclude Include="partition_copy.h">
      <Filter>头文件</Filter>
    </ClInclude>
    <ClInclude Include="partition_point.h">
      <Filter>头文件</Filter>
    </ClInclude>
    <ClInclude Include="stable_partition.h">
      <Filter>头文件</Filter>
    </ClInclude>
    <ClInclude Include="is_sorted.h">
      <Filter>头文件</Filter>
    </ClInclude>
    <ClInclude Include="nth_element.h">
      <Filter>头文件</Filter>
    </ClInclude>
    <ClInclude Include="partial_sort.h">
      <Filter>头文件</Filter>
    </ClInclude>
    <ClInclude Include="partial_sort_copy.h">
      <Filter>头文件</Filter>
    </ClInclude>
    <ClInclude Include="sort.h">
      <Filter>头文件</Filter>
    </ClInclude>
    <ClInclude Include="stable_sort.h">
      <Filter>头文件</Filter>
    </ClInclude>
    <ClInclude Include="lower_bound.h">
      <Filter>头文件</Filter>
    </ClInclude>
    <ClInclude Include="binary_search.h">
      <Filter>头文件</Filter>
    </ClInclude>
    <ClInclude Include="equal_range.h">
      <Filter>头文件</Filter>
    </ClInclude>
    <ClInclude Include="upper_bound.h">
      <Filter>头文件</Filter>
    </ClInclude>
  </ItemGroup>
  <ItemGroup>
    <ClCompile Include="all_any_none_of.cpp">
      <Filter>源文件</Filter>
    </ClCompile>
    <ClCompile Include="main.cpp">
      <Filter>源文件</Filter>
    </ClCompile>
    <ClCompile Include="for_each.cpp">
      <Filter>源文件</Filter>
    </ClCompile>
    <ClCompile Include="count.cpp">
      <Filter>源文件</Filter>
    </ClCompile>
    <ClCompile Include="mismatch.cpp">
      <Filter>源文件</Filter>
    </ClCompile>
    <ClCompile Include="find.cpp">
      <Filter>源文件</Filter>
    </ClCompile>
    <ClCompile Include="find_end.cpp">
      <Filter>源文件</Filter>
    </ClCompile>
    <ClCompile Include="find_first_of.cpp">
      <Filter>源文件</Filter>
    </ClCompile>
    <ClCompile Include="adjacent_find.cpp">
      <Filter>源文件</Filter>
    </ClCompile>
    <ClCompile Include="search.cpp">
      <Filter>源文件</Filter>
    </ClCompile>
    <ClCompile Include="search_n.cpp">
      <Filter>源文件</Filter>
    </ClCompile>
    <ClCompile Include="copy.cpp">
      <Filter>源文件</Filter>
    </ClCompile>
    <ClCompile Include="copy_backward.cpp">
      <Filter>源文件</Filter>
    </ClCompile>
    <ClCompile Include="copy_n.cpp">
      <Filter>源文件</Filter>
    </ClCompile>
    <ClCompile Include="move.cpp">
      <Filter>源文件</Filter>
    </ClCompile>
    <ClCompile Include="fill.cpp">
      <Filter>源文件</Filter>
    </ClCompile>
    <ClCompile Include="fill_n.cpp">
      <Filter>源文件</Filter>
    </ClCompile>
    <ClCompile Include="generate.cpp">
      <Filter>源文件</Filter>
    </ClCompile>
    <ClCompile Include="generate_n.cpp">
      <Filter>源文件</Filter>
    </ClCompile>
    <ClCompile Include="move_backward.cpp">
      <Filter>源文件</Filter>
    </ClCompile>
    <ClCompile Include="transform.cpp">
      <Filter>源文件</Filter>
    </ClCompile>
    <ClCompile Include="remove.cpp">
      <Filter>源文件</Filter>
    </ClCompile>
    <ClCompile Include="iter_swap.cpp">
      <Filter>源文件</Filter>
    </ClCompile>
    <ClCompile Include="random_shuffle.cpp">
      <Filter>源文件</Filter>
    </ClCompile>
    <ClCompile Include="remove_copy.cpp">
      <Filter>源文件</Filter>
    </ClCompile>
    <ClCompile Include="replace.cpp">
      <Filter>源文件</Filter>
    </ClCompile>
    <ClCompile Include="replace_copy.cpp">
      <Filter>源文件</Filter>
    </ClCompile>
    <ClCompile Include="reverse.cpp">
      <Filter>源文件</Filter>
    </ClCompile>
    <ClCompile Include="reverse_copy.cpp">
      <Filter>源文件</Filter>
    </ClCompile>
    <ClCompile Include="rotate.cpp">
      <Filter>源文件</Filter>
    </ClCompile>
    <ClCompile Include="rotate_copy.cpp">
      <Filter>源文件</Filter>
    </ClCompile>
    <ClCompile Include="swap.cpp">
      <Filter>源文件</Filter>
    </ClCompile>
    <ClCompile Include="swap_ranges.cpp">
      <Filter>源文件</Filter>
    </ClCompile>
    <ClCompile Include="unique.cpp">
      <Filter>源文件</Filter>
    </ClCompile>
    <ClCompile Include="unique_copy.cpp">
      <Filter>源文件</Filter>
    </ClCompile>
    <ClCompile Include="is_partitioned.cpp">
      <Filter>源文件</Filter>
    </ClCompile>
    <ClCompile Include="partition.cpp">
      <Filter>源文件</Filter>
    </ClCompile>
    <ClCompile Include="partition_copy.cpp">
      <Filter>源文件</Filter>
    </ClCompile>
    <ClCompile Include="partition_point.cpp">
      <Filter>源文件</Filter>
    </ClCompile>
    <ClCompile Include="stable_partition.cpp">
      <Filter>源文件</Filter>
    </ClCompile>
    <ClCompile Include="is_sorted.cpp">
      <Filter>源文件</Filter>
    </ClCompile>
    <ClCompile Include="is_sorted_until.cpp">
      <Filter>源文件</Filter>
    </ClCompile>
    <ClCompile Include="nth_element.cpp">
      <Filter>源文件</Filter>
    </ClCompile>
    <ClCompile Include="partial_sort.cpp">
      <Filter>源文件</Filter>
    </ClCompile>
    <ClCompile Include="partial_sort_copy.cpp">
      <Filter>源文件</Filter>
    </ClCompile>
    <ClCompile Include="sort.cpp">
      <Filter>源文件</Filter>
    </ClCompile>
    <ClCompile Include="stable_sort.cpp">
      <Filter>源文件</Filter>
    </ClCompile>
    <ClCompile Include="lower_bound.cpp">
      <Filter>源文件</Filter>
    </ClCompile>
    <ClCompile Include="binary_search.cpp">
      <Filter>源文件</Filter>
    </ClCompile>
    <ClCompile Include="equal_range.cpp">
      <Filter>源文件</Filter>
    </ClCompile>
    <ClCompile Include="upper_bound.cpp">
      <Filter>源文件</Filter>
    </ClCompile>
  </ItemGroup>
</Project>